
Microsoft Visual Studio Solution File, Format Version 12.00
# Visual Studio Version 16
VisualStudioVersion = 16.0.31624.102
MinimumVisualStudioVersion = 10.0.40219.1
Project("{FAE04EC0-301F-11D3-BF4B-00C04F79EFBC}") = "WPF", "WPF\WPF.csproj", "{70DABA7C-5310-42E3-A559-8C59E3E88127}"
EndProject
Global
	GlobalSection(SolutionConfigurationPlatforms) = preSolution
		Debug|Any CPU = Debug|Any CPU
		Release|Any CPU = Release|Any CPU
	EndGlobalSection
	GlobalSection(ProjectConfigurationPlatforms) = postSolution
		{70DABA7C-5310-42E3-A559-8C59E3E88127}.Debug|Any CPU.ActiveCfg = Debug|Any CPU
		{70DABA7C-5310-42E3-A559-8C59E3E88127}.Debug|Any CPU.Build.0 = Debug|Any CPU
		{70DABA7C-5310-42E3-A559-8C59E3E88127}.Release|Any CPU.ActiveCfg = Release|Any CPU
		{70DABA7C-5310-42E3-A559-8C59E3E88127}.Release|Any CPU.Build.0 = Release|Any CPU
	EndGlobalSection
	GlobalSection(SolutionProperties) = preSolution
		HideSolutionNode = FALSE
	EndGlobalSection
	GlobalSection(ExtensibilityGlobals) = postSolution
		SolutionGuid = {1E7F3C3F-1249-459E-9776-D86D0174C364}
	EndGlobalSection
EndGlobal
