
Microsoft Visual Studio Solution File, Format Version 12.00
# Visual Studio Version 17
VisualStudioVersion = 17.1.32210.238
MinimumVisualStudioVersion = 10.0.40219.1
Project("{9A19103F-16F7-4668-BE54-9A1E7A4F7556}") = "WPF", "WPF\WPF.csproj", "{70DABA7C-5310-42E3-A559-8C59E3E88127}"
EndProject
Project("{9A19103F-16F7-4668-BE54-9A1E7A4F7556}") = "Tests", "Tests\Tests.csproj", "{C14BF3E3-3349-4B11-96F7-B08321397524}"
EndProject
Project("{9A19103F-16F7-4668-BE54-9A1E7A4F7556}") = "Services", "Services\Services.csproj", "{5F0B41F2-998F-481C-9337-8B868B9C5A67}"
EndProject
Project("{FAE04EC0-301F-11D3-BF4B-00C04F79EFBC}") = "Project2", "Project2\Project2.csproj", "{8448512B-A694-464B-B89B-A326F6F3B0FF}"
EndProject
Global
	GlobalSection(SolutionConfigurationPlatforms) = preSolution
		Debug|Any CPU = Debug|Any CPU
		Release|Any CPU = Release|Any CPU
	EndGlobalSection
	GlobalSection(ProjectConfigurationPlatforms) = postSolution
		{70DABA7C-5310-42E3-A559-8C59E3E88127}.Debug|Any CPU.ActiveCfg = Debug|Any CPU
		{70DABA7C-5310-42E3-A559-8C59E3E88127}.Debug|Any CPU.Build.0 = Debug|Any CPU
		{70DABA7C-5310-42E3-A559-8C59E3E88127}.Release|Any CPU.ActiveCfg = Release|Any CPU
		{70DABA7C-5310-42E3-A559-8C59E3E88127}.Release|Any CPU.Build.0 = Release|Any CPU
		{C14BF3E3-3349-4B11-96F7-B08321397524}.Debug|Any CPU.ActiveCfg = Debug|Any CPU
		{C14BF3E3-3349-4B11-96F7-B08321397524}.Debug|Any CPU.Build.0 = Debug|Any CPU
		{C14BF3E3-3349-4B11-96F7-B08321397524}.Release|Any CPU.ActiveCfg = Release|Any CPU
		{C14BF3E3-3349-4B11-96F7-B08321397524}.Release|Any CPU.Build.0 = Release|Any CPU
		{5F0B41F2-998F-481C-9337-8B868B9C5A67}.Debug|Any CPU.ActiveCfg = Debug|Any CPU
		{5F0B41F2-998F-481C-9337-8B868B9C5A67}.Debug|Any CPU.Build.0 = Debug|Any CPU
		{5F0B41F2-998F-481C-9337-8B868B9C5A67}.Release|Any CPU.ActiveCfg = Release|Any CPU
		{5F0B41F2-998F-481C-9337-8B868B9C5A67}.Release|Any CPU.Build.0 = Release|Any CPU
		{8448512B-A694-464B-B89B-A326F6F3B0FF}.Debug|Any CPU.ActiveCfg = Debug|Any CPU
		{8448512B-A694-464B-B89B-A326F6F3B0FF}.Debug|Any CPU.Build.0 = Debug|Any CPU
		{8448512B-A694-464B-B89B-A326F6F3B0FF}.Release|Any CPU.ActiveCfg = Release|Any CPU
		{8448512B-A694-464B-B89B-A326F6F3B0FF}.Release|Any CPU.Build.0 = Release|Any CPU
	EndGlobalSection
	GlobalSection(SolutionProperties) = preSolution
		HideSolutionNode = FALSE
	EndGlobalSection
	GlobalSection(ExtensibilityGlobals) = postSolution
		SolutionGuid = {1E7F3C3F-1249-459E-9776-D86D0174C364}
	EndGlobalSection
EndGlobal
